// !$*UTF8*$!
{
	archiveVersion = 1;
	classes = {
	};
	objectVersion = 46;
	objects = {

/* Begin PBXBuildFile section */
		305CB1D6C2329C3C1601C457 /* libPods-unit_tests.a in Frameworks */ = {isa = PBXBuildFile; fileRef = 3175FF8C76FF7B6CDC5DDA19 /* libPods-unit_tests.a */; };
		4348710A9937FFEA74F05D2A /* Images.xcassets in Resources */ = {isa = PBXBuildFile; fileRef = B142B0C23D1D9A319B9A6447 /* Images.xcassets */; };
		48DB72E821DAD9AB5E7E10C9 /* Main.storyboard in Sources */ = {isa = PBXBuildFile; fileRef = EB21D6417DD00088787B65FC /* Main.storyboard */; };
		8061A647EF677728C25F65F7 /* AppDelegate.swift in Sources */ = {isa = PBXBuildFile; fileRef = A962D9094F377B49D035FE1F /* AppDelegate.swift */; };
		81B2A2E15F64B714071879D2 /* Settings.bundle in Resources */ = {isa = PBXBuildFile; fileRef = A9144D89723D87F2AD64CE83 /* Settings.bundle */; };
		93EB0B9C9204C1BA132A5240 /* Foundation.framework in Frameworks */ = {isa = PBXBuildFile; fileRef = E13E63C1F356C03EB5053F32 /* Foundation.framework */; };
		F8EFE177686F40A1E5DCDBCC /* LaunchScreen.xib in Sources */ = {isa = PBXBuildFile; fileRef = 780369E0635732433D911194 /* LaunchScreen.xib */; };
/* End PBXBuildFile section */

/* Begin PBXContainerItemProxy section */
		AA9BF320B7AF6333D87B14B9 /* PBXContainerItemProxy */ = {
			isa = PBXContainerItemProxy;
			containerPortal = B01BE9FF7FFA4379244A7955 /* Project object */;
			proxyType = 1;
			remoteGlobalIDString = 6AB0DEB052AC2632D3B7FA85;
			remoteInfo = "Pokemon Battle Helper";
		};
/* End PBXContainerItemProxy section */

/* Begin PBXFileReference section */
		1D58FF8C6CFF8783386CCDAA /* UnitTests.xctest */ = {isa = PBXFileReference; explicitFileType = wrapper.cfbundle; includeInIndex = 0; path = UnitTests.xctest; sourceTree = BUILT_PRODUCTS_DIR; };
		3175FF8C76FF7B6CDC5DDA19 /* libPods-unit_tests.a */ = {isa = PBXFileReference; explicitFileType = archive.ar; includeInIndex = 0; path = "libPods-unit_tests.a"; sourceTree = BUILT_PRODUCTS_DIR; };
		780369E0635732433D911194 /* LaunchScreen.xib */ = {isa = PBXFileReference; includeInIndex = 1; lastKnownFileType = file.xib; path = LaunchScreen.xib; sourceTree = "<group>"; };
		84467A9930520487CE685617 /* Pods-unit_tests.debug.xcconfig */ = {isa = PBXFileReference; includeInIndex = 1; lastKnownFileType = text.xcconfig; name = "Pods-unit_tests.debug.xcconfig"; path = "Pods/Target Support Files/Pods-unit_tests/Pods-unit_tests.debug.xcconfig"; sourceTree = "<group>"; };
		9D456D147866D01FF1BD38D0 /* Pokemon Battle Helper.app */ = {isa = PBXFileReference; explicitFileType = wrapper.application; includeInIndex = 0; path = "Pokemon Battle Helper.app"; sourceTree = BUILT_PRODUCTS_DIR; };
		A9144D89723D87F2AD64CE83 /* Settings.bundle */ = {isa = PBXFileReference; includeInIndex = 1; lastKnownFileType = "wrapper.plug-in"; path = Settings.bundle; sourceTree = "<group>"; };
		A962D9094F377B49D035FE1F /* AppDelegate.swift */ = {isa = PBXFileReference; includeInIndex = 1; lastKnownFileType = sourcecode.swift; path = AppDelegate.swift; sourceTree = "<group>"; };
		B142B0C23D1D9A319B9A6447 /* Images.xcassets */ = {isa = PBXFileReference; includeInIndex = 1; lastKnownFileType = folder.assetcatalog; path = Images.xcassets; sourceTree = "<group>"; };
		B659B45B46073B537D524252 /* Info.plist */ = {isa = PBXFileReference; includeInIndex = 1; lastKnownFileType = text.plist.xml; path = Info.plist; sourceTree = "<group>"; };
		E13E63C1F356C03EB5053F32 /* Foundation.framework */ = {isa = PBXFileReference; lastKnownFileType = wrapper.framework; name = Foundation.framework; path = Platforms/iPhoneOS.platform/Developer/SDKs/iPhoneOS7.1.sdk/System/Library/Frameworks/Foundation.framework; sourceTree = DEVELOPER_DIR; };
		EB21D6417DD00088787B65FC /* Main.storyboard */ = {isa = PBXFileReference; includeInIndex = 1; lastKnownFileType = file.storyboard; path = Main.storyboard; sourceTree = "<group>"; };
		F0E4368E945BC026C694AEAA /* Pods-unit_tests.release.xcconfig */ = {isa = PBXFileReference; includeInIndex = 1; lastKnownFileType = text.xcconfig; name = "Pods-unit_tests.release.xcconfig"; path = "Pods/Target Support Files/Pods-unit_tests/Pods-unit_tests.release.xcconfig"; sourceTree = "<group>"; };
		F7AD01FB660E229677274C07 /* UnitTests-Info.plist */ = {isa = PBXFileReference; includeInIndex = 1; lastKnownFileType = text.plist.xml; path = "UnitTests-Info.plist"; sourceTree = "<group>"; };
/* End PBXFileReference section */

/* Begin PBXFrameworksBuildPhase section */
		03F85E7E272F30C350553E84 /* Frameworks */ = {
			isa = PBXFrameworksBuildPhase;
			buildActionMask = 2147483647;
			files = (
				305CB1D6C2329C3C1601C457 /* libPods-unit_tests.a in Frameworks */,
			);
			runOnlyForDeploymentPostprocessing = 0;
		};
		AA0BBD8EDAE98747AB3B9C22 /* Frameworks */ = {
			isa = PBXFrameworksBuildPhase;
			buildActionMask = 2147483647;
			files = (
				93EB0B9C9204C1BA132A5240 /* Foundation.framework in Frameworks */,
			);
			runOnlyForDeploymentPostprocessing = 0;
		};
/* End PBXFrameworksBuildPhase section */

/* Begin PBXGroup section */
		232E8A44959AC34EDE60C3CF /* Resources */ = {
			isa = PBXGroup;
			children = (
				F7AD01FB660E229677274C07 /* UnitTests-Info.plist */,
			);
			path = Resources;
			sourceTree = "<group>";
		};
		2448A93728CE26035DF7215D /* UnitTests */ = {
			isa = PBXGroup;
			children = (
				232E8A44959AC34EDE60C3CF /* Resources */,
				96EB8A9647D18FAB1F59829D /* Helpers */,
				B8E636E40624C04D3E35C469 /* Tests */,
			);
			path = UnitTests;
			sourceTree = "<group>";
		};
		2901950D5A1FCC4503833F98 /* Protocols */ = {
			isa = PBXGroup;
			children = (
			);
			path = Protocols;
			sourceTree = "<group>";
		};
		2A916FD4E8E07EA2AE509744 /* Storyboards */ = {
			isa = PBXGroup;
			children = (
				EB21D6417DD00088787B65FC /* Main.storyboard */,
			);
			path = Storyboards;
			sourceTree = "<group>";
		};
		319F5E54CE0149639A413AB7 = {
			isa = PBXGroup;
			children = (
				AD3C1E972F434E14F4D6A199 /* Pokemon Battle Helper */,
				2448A93728CE26035DF7215D /* UnitTests */,
				8FBB7B92886B778845B2DB08 /* Frameworks */,
				E30B29690A13FDBCCE4036FE /* Products */,
				988EF8EAE0C1958F0CA7BD70 /* Pods */,
			);
			indentWidth = 4;
			sourceTree = "<group>";
			tabWidth = 4;
			usesTabs = 0;
		};
		3A7AC86AAC75F66D022E0E58 /* Extensions */ = {
			isa = PBXGroup;
			children = (
			);
			path = Extensions;
			sourceTree = "<group>";
		};
		3CBC921237507D0E67306D18 /* Other-Sources */ = {
			isa = PBXGroup;
			children = (
				B659B45B46073B537D524252 /* Info.plist */,
			);
			path = "Other-Sources";
			sourceTree = "<group>";
		};
		594CA491384B944F3F26FEB2 /* Models */ = {
			isa = PBXGroup;
			children = (
			);
			path = Models;
			sourceTree = "<group>";
		};
		833BAD569FDDE31FA44AA0F9 /* Views */ = {
			isa = PBXGroup;
			children = (
			);
			path = Views;
			sourceTree = "<group>";
		};
		871A532D212306143E9480F5 /* Controllers */ = {
			isa = PBXGroup;
			children = (
				A962D9094F377B49D035FE1F /* AppDelegate.swift */,
			);
			path = Controllers;
			sourceTree = "<group>";
		};
		8EAD9DF7999D72F39D4A478E /* iOS */ = {
			isa = PBXGroup;
			children = (
				E13E63C1F356C03EB5053F32 /* Foundation.framework */,
			);
			name = iOS;
			sourceTree = "<group>";
		};
		8FBB7B92886B778845B2DB08 /* Frameworks */ = {
			isa = PBXGroup;
			children = (
				8EAD9DF7999D72F39D4A478E /* iOS */,
				3175FF8C76FF7B6CDC5DDA19 /* libPods-unit_tests.a */,
			);
			name = Frameworks;
			sourceTree = "<group>";
		};
		96EB8A9647D18FAB1F59829D /* Helpers */ = {
			isa = PBXGroup;
			children = (
			);
			path = Helpers;
			sourceTree = "<group>";
		};
		988EF8EAE0C1958F0CA7BD70 /* Pods */ = {
			isa = PBXGroup;
			children = (
				F0E4368E945BC026C694AEAA /* Pods-unit_tests.release.xcconfig */,
				84467A9930520487CE685617 /* Pods-unit_tests.debug.xcconfig */,
			);
			name = Pods;
			sourceTree = "<group>";
		};
		AD3C1E972F434E14F4D6A199 /* Pokemon Battle Helper */ = {
			isa = PBXGroup;
			children = (
				3A7AC86AAC75F66D022E0E58 /* Extensions */,
				2901950D5A1FCC4503833F98 /* Protocols */,
				594CA491384B944F3F26FEB2 /* Models */,
				F8591C761C2184565B0B7171 /* ViewModels */,
				871A532D212306143E9480F5 /* Controllers */,
				833BAD569FDDE31FA44AA0F9 /* Views */,
				DABA429BDFB810855E12ABBA /* Resources */,
			);
			path = "Pokemon Battle Helper";
			sourceTree = "<group>";
		};
		B8E636E40624C04D3E35C469 /* Tests */ = {
			isa = PBXGroup;
			children = (
			);
			path = Tests;
			sourceTree = "<group>";
		};
		DABA429BDFB810855E12ABBA /* Resources */ = {
			isa = PBXGroup;
			children = (
				B142B0C23D1D9A319B9A6447 /* Images.xcassets */,
				2A916FD4E8E07EA2AE509744 /* Storyboards */,
				DD780AE4AEFC04DCDCEA6399 /* Nibs */,
				3CBC921237507D0E67306D18 /* Other-Sources */,
				A9144D89723D87F2AD64CE83 /* Settings.bundle */,
			);
			path = Resources;
			sourceTree = "<group>";
		};
		DD780AE4AEFC04DCDCEA6399 /* Nibs */ = {
			isa = PBXGroup;
			children = (
				780369E0635732433D911194 /* LaunchScreen.xib */,
			);
			path = Nibs;
			sourceTree = "<group>";
		};
		E30B29690A13FDBCCE4036FE /* Products */ = {
			isa = PBXGroup;
			children = (
				9D456D147866D01FF1BD38D0 /* Pokemon Battle Helper.app */,
				1D58FF8C6CFF8783386CCDAA /* UnitTests.xctest */,
			);
			name = Products;
			sourceTree = "<group>";
		};
		F8591C761C2184565B0B7171 /* ViewModels */ = {
			isa = PBXGroup;
			children = (
			);
			path = ViewModels;
			sourceTree = "<group>";
		};
/* End PBXGroup section */

/* Begin PBXNativeTarget section */
		6AB0DEB052AC2632D3B7FA85 /* Pokemon Battle Helper */ = {
			isa = PBXNativeTarget;
			buildConfigurationList = 0BEA7B9EB0F216B5F1985AB8 /* Build configuration list for PBXNativeTarget "Pokemon Battle Helper" */;
			buildPhases = (
				11F90772839E4FAE0A0BE45C /* Sources */,
				AA0BBD8EDAE98747AB3B9C22 /* Frameworks */,
				64B799283498F29AB8297E06 /* Resources */,
				FAEAF87A9A236673E757B389 /* Warn for TODO and FIXME comments */,
				F0ECD3C67255311EC0339848 /* Set version number */,
			);
			buildRules = (
			);
			dependencies = (
			);
			name = "Pokemon Battle Helper";
			productName = "Pokemon Battle Helper";
			productReference = 9D456D147866D01FF1BD38D0 /* Pokemon Battle Helper.app */;
			productType = "com.apple.product-type.application";
		};
		7EBF4FB84629FCFC30072B31 /* UnitTests */ = {
			isa = PBXNativeTarget;
			buildConfigurationList = FF8935CAE8EF0017247BE4D3 /* Build configuration list for PBXNativeTarget "UnitTests" */;
			buildPhases = (
				C8DACBE56912E903BF505BCB /* Check Pods Manifest.lock */,
				9BE232253B2F81DD2F74E63F /* Sources */,
				03F85E7E272F30C350553E84 /* Frameworks */,
				A0698BEA53D1DA2AE2BBB615 /* Resources */,
				CCA804A275D9E67E94B33275 /* Embed Pods Frameworks */,
				C1A5AB45EF5448ECD0240BE5 /* Copy Pods Resources */,
			);
			buildRules = (
			);
			dependencies = (
				C0929B884AFE7CAF0C6FABAB /* PBXTargetDependency */,
			);
			name = UnitTests;
			productName = UnitTests;
			productReference = 1D58FF8C6CFF8783386CCDAA /* UnitTests.xctest */;
			productType = "com.apple.product-type.bundle.unit-test";
		};
/* End PBXNativeTarget section */

/* Begin PBXProject section */
		B01BE9FF7FFA4379244A7955 /* Project object */ = {
			isa = PBXProject;
			attributes = {
				CLASSPREFIX = "";
				LastUpgradeCheck = 0510;
				ORGANIZATIONNAME = "";
			};
			buildConfigurationList = 4DF5E8602CC518F7660601A1 /* Build configuration list for PBXProject "Pokemon Battle Helper" */;
			compatibilityVersion = "Xcode 3.2";
			developmentRegion = English;
			hasScannedForEncodings = 0;
			knownRegions = (
				en,
			);
			mainGroup = 319F5E54CE0149639A413AB7;
			productRefGroup = E30B29690A13FDBCCE4036FE /* Products */;
			projectDirPath = "";
			projectRoot = "";
			targets = (
				6AB0DEB052AC2632D3B7FA85 /* Pokemon Battle Helper */,
				7EBF4FB84629FCFC30072B31 /* UnitTests */,
			);
		};
/* End PBXProject section */

/* Begin PBXResourcesBuildPhase section */
		64B799283498F29AB8297E06 /* Resources */ = {
			isa = PBXResourcesBuildPhase;
			buildActionMask = 2147483647;
			files = (
				4348710A9937FFEA74F05D2A /* Images.xcassets in Resources */,
				81B2A2E15F64B714071879D2 /* Settings.bundle in Resources */,
			);
			runOnlyForDeploymentPostprocessing = 0;
		};
		A0698BEA53D1DA2AE2BBB615 /* Resources */ = {
			isa = PBXResourcesBuildPhase;
			buildActionMask = 2147483647;
			files = (
			);
			runOnlyForDeploymentPostprocessing = 0;
		};
/* End PBXResourcesBuildPhase section */

/* Begin PBXShellScriptBuildPhase section */
		C1A5AB45EF5448ECD0240BE5 /* Copy Pods Resources */ = {
			isa = PBXShellScriptBuildPhase;
			buildActionMask = 2147483647;
			files = (
			);
			inputPaths = (
			);
			name = "Copy Pods Resources";
			outputPaths = (
			);
			runOnlyForDeploymentPostprocessing = 0;
			shellPath = /bin/sh;
			shellScript = "\"${SRCROOT}/Pods/Target Support Files/Pods-unit_tests/Pods-unit_tests-resources.sh\"\n";
			showEnvVarsInLog = 0;
		};
		C8DACBE56912E903BF505BCB /* Check Pods Manifest.lock */ = {
			isa = PBXShellScriptBuildPhase;
			buildActionMask = 2147483647;
			files = (
			);
			inputPaths = (
			);
			name = "Check Pods Manifest.lock";
			outputPaths = (
			);
			runOnlyForDeploymentPostprocessing = 0;
			shellPath = /bin/sh;
			shellScript = "diff \"${PODS_ROOT}/../Podfile.lock\" \"${PODS_ROOT}/Manifest.lock\" > /dev/null\nif [[ $? != 0 ]] ; then\n    cat << EOM\nerror: The sandbox is not in sync with the Podfile.lock. Run 'pod install' or update your CocoaPods installation.\nEOM\n    exit 1\nfi\n";
			showEnvVarsInLog = 0;
		};
		CCA804A275D9E67E94B33275 /* Embed Pods Frameworks */ = {
			isa = PBXShellScriptBuildPhase;
			buildActionMask = 2147483647;
			files = (
			);
			inputPaths = (
			);
			name = "Embed Pods Frameworks";
			outputPaths = (
			);
			runOnlyForDeploymentPostprocessing = 0;
			shellPath = /bin/sh;
			shellScript = "\"${SRCROOT}/Pods/Target Support Files/Pods-unit_tests/Pods-unit_tests-frameworks.sh\"\n";
			showEnvVarsInLog = 0;
		};
		F0ECD3C67255311EC0339848 /* Set version number */ = {
			isa = PBXShellScriptBuildPhase;
			buildActionMask = 2147483647;
			files = (
			);
			inputPaths = (
			);
			name = "Set version number";
			outputPaths = (
			);
			runOnlyForDeploymentPostprocessing = 0;
			shellPath = /bin/sh;
			shellScript = "git=$(sh /etc/profile; which git)\ngit_release_version=$(\"$git\" describe --tags --always --abbrev=0)\nnumber_of_commits=$(\"$git\" rev-list master | wc -l | tr -d ' ')\ntarget_plist=\"$TARGET_BUILD_DIR/$INFOPLIST_PATH\"\ndsym_plist=\"$DWARF_DSYM_FOLDER_PATH/$DWARF_DSYM_FILE_NAME/Contents/Info.plist\"\n\nfor plist in \"$target_plist\" \"$dsym_plist\"; do\n  if [ -f \"$plist\" ]; then\n    /usr/libexec/PlistBuddy -c \"Set :CFBundleVersion $number_of_commits\" \"$plist\"\n    /usr/libexec/PlistBuddy -c \"Set :CFBundleShortVersionString ${git_release_version#*v}\" \"$plist\"\n  fi\ndone\n";
		};
		FAEAF87A9A236673E757B389 /* Warn for TODO and FIXME comments */ = {
			isa = PBXShellScriptBuildPhase;
			buildActionMask = 2147483647;
			files = (
			);
			inputPaths = (
			);
			name = "Warn for TODO and FIXME comments";
			outputPaths = (
			);
			runOnlyForDeploymentPostprocessing = 0;
			shellPath = /bin/sh;
			shellScript = "KEYWORDS=\"TODO:|FIXME:|\\?\\?\\?:|\\!\\!\\!:\"\nFILE_EXTENSIONS=\"swift|h|m|mm|c|cpp\"\nfind -E \"${SRCROOT}\" -ipath \"${SRCROOT}/pods\" -prune -o \\( -regex \".*\\.($FILE_EXTENSIONS)$\" \\) -print0 | xargs -0 egrep --with-filename --line-number --only-matching \"($KEYWORDS).*\\$\" | perl -p -e \"s/($KEYWORDS)/ warning: \\$1/\"\n";
		};
/* End PBXShellScriptBuildPhase section */

/* Begin PBXSourcesBuildPhase section */
		11F90772839E4FAE0A0BE45C /* Sources */ = {
			isa = PBXSourcesBuildPhase;
			buildActionMask = 2147483647;
			files = (
				8061A647EF677728C25F65F7 /* AppDelegate.swift in Sources */,
				48DB72E821DAD9AB5E7E10C9 /* Main.storyboard in Sources */,
				F8EFE177686F40A1E5DCDBCC /* LaunchScreen.xib in Sources */,
			);
			runOnlyForDeploymentPostprocessing = 0;
		};
		9BE232253B2F81DD2F74E63F /* Sources */ = {
			isa = PBXSourcesBuildPhase;
			buildActionMask = 2147483647;
			files = (
			);
			runOnlyForDeploymentPostprocessing = 0;
		};
/* End PBXSourcesBuildPhase section */

/* Begin PBXTargetDependency section */
		C0929B884AFE7CAF0C6FABAB /* PBXTargetDependency */ = {
			isa = PBXTargetDependency;
			target = 6AB0DEB052AC2632D3B7FA85 /* Pokemon Battle Helper */;
			targetProxy = AA9BF320B7AF6333D87B14B9 /* PBXContainerItemProxy */;
		};
/* End PBXTargetDependency section */

/* Begin XCBuildConfiguration section */
		5500904B93DD9279DCB6E49C /* Release */ = {
			isa = XCBuildConfiguration;
			buildSettings = {
				ALWAYS_SEARCH_USER_PATHS = NO;
				ASSETCATALOG_COMPILER_APPICON_NAME = AppIcon;
				CLANG_CXX_LANGUAGE_STANDARD = "gnu++0x";
				CLANG_CXX_LIBRARY = "libc++";
				CLANG_ENABLE_MODULES = YES;
				CLANG_ENABLE_OBJC_ARC = YES;
				CLANG_WARN_BOOL_CONVERSION = YES;
				CLANG_WARN_CONSTANT_CONVERSION = YES;
				CLANG_WARN_DEPRECATED_OBJC_IMPLEMENTATIONS = YES;
				CLANG_WARN_DIRECT_OBJC_ISA_USAGE = YES;
				CLANG_WARN_EMPTY_BODY = YES;
				CLANG_WARN_ENUM_CONVERSION = YES;
				CLANG_WARN_IMPLICIT_SIGN_CONVERSION = YES;
				CLANG_WARN_INT_CONVERSION = YES;
				CLANG_WARN_OBJC_IMPLICIT_RETAIN_SELF = YES;
				CLANG_WARN_OBJC_ROOT_CLASS = YES;
				CLANG_WARN_SUSPICIOUS_IMPLICIT_CONVERSION = YES;
				"CODE_SIGN_IDENTITY[sdk=iphoneos*]" = "iPhone Developer";
				COPY_PHASE_STRIP = NO;
				ENABLE_NS_ASSERTIONS = NO;
				GCC_C_LANGUAGE_STANDARD = gnu99;
				GCC_WARN_64_TO_32_BIT_CONVERSION = YES;
				GCC_WARN_ABOUT_DEPRECATED_FUNCTIONS = YES;
				GCC_WARN_ABOUT_MISSING_FIELD_INITIALIZERS = YES;
				GCC_WARN_ABOUT_MISSING_NEWLINE = YES;
				GCC_WARN_ABOUT_RETURN_TYPE = YES;
				GCC_WARN_CHECK_SWITCH_STATEMENTS = YES;
				GCC_WARN_INITIALIZER_NOT_FULLY_BRACKETED = YES;
				GCC_WARN_MISSING_PARENTHESES = YES;
				GCC_WARN_SHADOW = YES;
				GCC_WARN_SIGN_COMPARE = YES;
				GCC_WARN_TYPECHECK_CALLS_TO_PRINTF = YES;
				GCC_WARN_UNDECLARED_SELECTOR = YES;
				GCC_WARN_UNINITIALIZED_AUTOS = YES;
				GCC_WARN_UNUSED_FUNCTION = YES;
				GCC_WARN_UNUSED_LABEL = YES;
				GCC_WARN_UNUSED_VALUE = YES;
				GCC_WARN_UNUSED_VARIABLE = YES;
				IPHONEOS_DEPLOYMENT_TARGET = 8.0;
				RUN_CLANG_STATIC_ANALYZER = YES;
				SDKROOT = iphoneos;
				VALIDATE_PRODUCT = YES;
			};
			name = Release;
		};
		705F0627CF44C65A735926EC /* Release */ = {
			isa = XCBuildConfiguration;
			buildSettings = {
				ALWAYS_SEARCH_USER_PATHS = NO;
				COPY_PHASE_STRIP = YES;
				DSTROOT = /tmp/xcodeproj.dst;
				GCC_PRECOMPILE_PREFIX_HEADER = YES;
				GCC_TREAT_WARNINGS_AS_ERRORS = YES;
				INFOPLIST_FILE = "Pokemon Battle Helper/Resources/Other-Sources/Info.plist";
				INSTALL_PATH = "$(BUILT_PRODUCTS_DIR)";
				LD_RUNPATH_SEARCH_PATHS = "$(inherited) @executable_path/Frameworks";
				OTHER_CFLAGS = (
					"-DNS_BLOCK_ASSERTIONS=1",
					"$(inherited)",
				);
				OTHER_CPLUSPLUSFLAGS = (
					"-DNS_BLOCK_ASSERTIONS=1",
					"$(inherited)",
				);
				PRODUCT_NAME = "$(TARGET_NAME)";
				PUBLIC_HEADERS_FOLDER_PATH = "$(TARGET_NAME)";
				SDKROOT = iphoneos;
				VALIDATE_PRODUCT = YES;
			};
			name = Release;
		};
		7167CCB0BDDE30FC6922667B /* Debug */ = {
			isa = XCBuildConfiguration;
			baseConfigurationReference = 84467A9930520487CE685617 /* Pods-unit_tests.debug.xcconfig */;
			buildSettings = {
				BUNDLE_LOADER = "$(BUILT_PRODUCTS_DIR)/Pokemon Battle Helper.app/Pokemon Battle Helper";
				FRAMEWORK_SEARCH_PATHS = (
					"$(SDKROOT)/Developer/Library/Frameworks",
					"$(inherited)",
					"$(DEVELOPER_FRAMEWORKS_DIR)",
				);
				INFOPLIST_FILE = "UnitTests/Resources/UnitTests-Info.plist";
				PRODUCT_NAME = "$(TARGET_NAME)";
				SDKROOT = iphoneos;
				SKIP_INSTALL = YES;
				TEST_HOST = "$(BUNDLE_LOADER)";
				WRAPPER_EXTENSION = xctest;
			};
			name = Debug;
		};
		A9DD73470C9E3482BB686610 /* Debug */ = {
			isa = XCBuildConfiguration;
			buildSettings = {
				ALWAYS_SEARCH_USER_PATHS = NO;
				COPY_PHASE_STRIP = NO;
				DSTROOT = /tmp/xcodeproj.dst;
				GCC_DYNAMIC_NO_PIC = NO;
				GCC_OPTIMIZATION_LEVEL = 0;
				GCC_PRECOMPILE_PREFIX_HEADER = YES;
				GCC_PREPROCESSOR_DEFINITIONS = (
					"DEBUG=1",
					"$(inherited)",
				);
				GCC_SYMBOLS_PRIVATE_EXTERN = NO;
				INFOPLIST_FILE = "Pokemon Battle Helper/Resources/Other-Sources/Info.plist";
				INSTALL_PATH = "$(BUILT_PRODUCTS_DIR)";
				LD_RUNPATH_SEARCH_PATHS = "$(inherited) @executable_path/Frameworks";
				PRODUCT_NAME = "$(TARGET_NAME)";
				PUBLIC_HEADERS_FOLDER_PATH = "$(TARGET_NAME)";
				SDKROOT = iphoneos;
			};
			name = Debug;
		};
		D7DE7D0F157D684F0CB8C3DB /* Debug */ = {
			isa = XCBuildConfiguration;
			buildSettings = {
				ALWAYS_SEARCH_USER_PATHS = NO;
				ASSETCATALOG_COMPILER_APPICON_NAME = AppIcon;
				CLANG_CXX_LANGUAGE_STANDARD = "gnu++0x";
				CLANG_CXX_LIBRARY = "libc++";
				CLANG_ENABLE_MODULES = YES;
				CLANG_ENABLE_OBJC_ARC = YES;
				CLANG_WARN_BOOL_CONVERSION = YES;
				CLANG_WARN_CONSTANT_CONVERSION = YES;
				CLANG_WARN_DEPRECATED_OBJC_IMPLEMENTATIONS = YES;
				CLANG_WARN_DIRECT_OBJC_ISA_USAGE = YES;
				CLANG_WARN_EMPTY_BODY = YES;
				CLANG_WARN_ENUM_CONVERSION = YES;
				CLANG_WARN_IMPLICIT_SIGN_CONVERSION = YES;
				CLANG_WARN_INT_CONVERSION = YES;
				CLANG_WARN_OBJC_IMPLICIT_RETAIN_SELF = YES;
				CLANG_WARN_OBJC_ROOT_CLASS = YES;
				CLANG_WARN_SUSPICIOUS_IMPLICIT_CONVERSION = YES;
				"CODE_SIGN_IDENTITY[sdk=iphoneos*]" = "iPhone Developer";
				COPY_PHASE_STRIP = YES;
				GCC_C_LANGUAGE_STANDARD = gnu99;
				GCC_DYNAMIC_NO_PIC = NO;
				GCC_OPTIMIZATION_LEVEL = 0;
				GCC_PREPROCESSOR_DEFINITIONS = (
					"DEBUG=1",
					"$(inherited)",
				);
				GCC_SYMBOLS_PRIVATE_EXTERN = NO;
				GCC_WARN_64_TO_32_BIT_CONVERSION = YES;
				GCC_WARN_ABOUT_DEPRECATED_FUNCTIONS = YES;
				GCC_WARN_ABOUT_MISSING_FIELD_INITIALIZERS = YES;
				GCC_WARN_ABOUT_MISSING_NEWLINE = YES;
				GCC_WARN_ABOUT_RETURN_TYPE = YES;
				GCC_WARN_CHECK_SWITCH_STATEMENTS = YES;
				GCC_WARN_INITIALIZER_NOT_FULLY_BRACKETED = YES;
				GCC_WARN_MISSING_PARENTHESES = YES;
				GCC_WARN_SHADOW = YES;
				GCC_WARN_SIGN_COMPARE = YES;
				GCC_WARN_TYPECHECK_CALLS_TO_PRINTF = YES;
				GCC_WARN_UNDECLARED_SELECTOR = YES;
				GCC_WARN_UNINITIALIZED_AUTOS = YES;
				GCC_WARN_UNUSED_FUNCTION = YES;
				GCC_WARN_UNUSED_LABEL = YES;
				GCC_WARN_UNUSED_VALUE = YES;
				GCC_WARN_UNUSED_VARIABLE = YES;
				IPHONEOS_DEPLOYMENT_TARGET = 8.0;
				ONLY_ACTIVE_ARCH = YES;
				RUN_CLANG_STATIC_ANALYZER = YES;
				SDKROOT = iphoneos;
			};
			name = Debug;
		};
		F61BDBD0B54FEA2B84A5BFB2 /* Release */ = {
			isa = XCBuildConfiguration;
			baseConfigurationReference = F0E4368E945BC026C694AEAA /* Pods-unit_tests.release.xcconfig */;
			buildSettings = {
				BUNDLE_LOADER = "$(BUILT_PRODUCTS_DIR)/Pokemon Battle Helper.app/Pokemon Battle Helper";
				FRAMEWORK_SEARCH_PATHS = (
					"$(SDKROOT)/Developer/Library/Frameworks",
					"$(inherited)",
					"$(DEVELOPER_FRAMEWORKS_DIR)",
				);
				INFOPLIST_FILE = "UnitTests/Resources/UnitTests-Info.plist";
				PRODUCT_NAME = "$(TARGET_NAME)";
				SDKROOT = iphoneos;
				SKIP_INSTALL = YES;
				TEST_HOST = "$(BUNDLE_LOADER)";
				WRAPPER_EXTENSION = xctest;
			};
			name = Release;
		};
/* End XCBuildConfiguration section */

/* Begin XCConfigurationList section */
		0BEA7B9EB0F216B5F1985AB8 /* Build configuration list for PBXNativeTarget "Pokemon Battle Helper" */ = {
			isa = XCConfigurationList;
			buildConfigurations = (
				705F0627CF44C65A735926EC /* Release */,
				A9DD73470C9E3482BB686610 /* Debug */,
			);
			defaultConfigurationIsVisible = 0;
			defaultConfigurationName = Release;
		};
		4DF5E8602CC518F7660601A1 /* Build configuration list for PBXProject "Pokemon Battle Helper" */ = {
			isa = XCConfigurationList;
			buildConfigurations = (
				D7DE7D0F157D684F0CB8C3DB /* Debug */,
				5500904B93DD9279DCB6E49C /* Release */,
			);
			defaultConfigurationIsVisible = 0;
			defaultConfigurationName = Release;
		};
		FF8935CAE8EF0017247BE4D3 /* Build configuration list for PBXNativeTarget "UnitTests" */ = {
			isa = XCConfigurationList;
			buildConfigurations = (
				F61BDBD0B54FEA2B84A5BFB2 /* Release */,
				7167CCB0BDDE30FC6922667B /* Debug */,
			);
			defaultConfigurationIsVisible = 0;
			defaultConfigurationName = Release;
		};
/* End XCConfigurationList section */
	};
	rootObject = B01BE9FF7FFA4379244A7955 /* Project object */;
}
